
Microsoft Visual Studio Solution File, Format Version 12.00
# Visual Studio Version 17
VisualStudioVersion = 17.13.35931.197 d17.13
MinimumVisualStudioVersion = 10.0.40219.1
Project("{FAE04EC0-301F-11D3-BF4B-00C04F79EFBC}") = "Homework16", "Homework16\Homework16.csproj", "{5C864996-0737-4B81-86AB-728388C4F35D}"
EndProject
Global
	GlobalSection(SolutionConfigurationPlatforms) = preSolution
		Debug|Any CPU = Debug|Any CPU
		Release|Any CPU = Release|Any CPU
	EndGlobalSection
	GlobalSection(ProjectConfigurationPlatforms) = postSolution
		{5C864996-0737-4B81-86AB-728388C4F35D}.Debug|Any CPU.ActiveCfg = Debug|Any CPU
		{5C864996-0737-4B81-86AB-728388C4F35D}.Debug|Any CPU.Build.0 = Debug|Any CPU
		{5C864996-0737-4B81-86AB-728388C4F35D}.Release|Any CPU.ActiveCfg = Release|Any CPU
		{5C864996-0737-4B81-86AB-728388C4F35D}.Release|Any CPU.Build.0 = Release|Any CPU
	EndGlobalSection
	GlobalSection(SolutionProperties) = preSolution
		HideSolutionNode = FALSE
	EndGlobalSection
	GlobalSection(ExtensibilityGlobals) = postSolution
		SolutionGuid = {C0F1BB7A-F96B-434C-AC42-13D2B4913C2B}
	EndGlobalSection
EndGlobal
