
Microsoft Visual Studio Solution File, Format Version 12.00
# Visual Studio Version 17
VisualStudioVersion = 17.13.35931.197 d17.13
MinimumVisualStudioVersion = 10.0.40219.1
Project("{FAE04EC0-301F-11D3-BF4B-00C04F79EFBC}") = "Homework1", "Homework1\Homework1.csproj", "{DC5C1698-5207-4A55-BE5E-ABCEDE6D4FB2}"
EndProject
Global
	GlobalSection(SolutionConfigurationPlatforms) = preSolution
		Debug|Any CPU = Debug|Any CPU
		Release|Any CPU = Release|Any CPU
	EndGlobalSection
	GlobalSection(ProjectConfigurationPlatforms) = postSolution
		{DC5C1698-5207-4A55-BE5E-ABCEDE6D4FB2}.Debug|Any CPU.ActiveCfg = Debug|Any CPU
		{DC5C1698-5207-4A55-BE5E-ABCEDE6D4FB2}.Debug|Any CPU.Build.0 = Debug|Any CPU
		{DC5C1698-5207-4A55-BE5E-ABCEDE6D4FB2}.Release|Any CPU.ActiveCfg = Release|Any CPU
		{DC5C1698-5207-4A55-BE5E-ABCEDE6D4FB2}.Release|Any CPU.Build.0 = Release|Any CPU
	EndGlobalSection
	GlobalSection(SolutionProperties) = preSolution
		HideSolutionNode = FALSE
	EndGlobalSection
	GlobalSection(ExtensibilityGlobals) = postSolution
		SolutionGuid = {05A37F91-99A2-452B-9FDF-8EB38E612DFD}
	EndGlobalSection
EndGlobal
