
Microsoft Visual Studio Solution File, Format Version 12.00
# Visual Studio Version 17
VisualStudioVersion = 17.13.35931.197 d17.13
MinimumVisualStudioVersion = 10.0.40219.1
Project("{FAE04EC0-301F-11D3-BF4B-00C04F79EFBC}") = "Homework7", "Homework7\Homework7.csproj", "{93650CB0-B6B0-4AAF-A9BC-FE830506D57B}"
EndProject
Global
	GlobalSection(SolutionConfigurationPlatforms) = preSolution
		Debug|Any CPU = Debug|Any CPU
		Release|Any CPU = Release|Any CPU
	EndGlobalSection
	GlobalSection(ProjectConfigurationPlatforms) = postSolution
		{93650CB0-B6B0-4AAF-A9BC-FE830506D57B}.Debug|Any CPU.ActiveCfg = Debug|Any CPU
		{93650CB0-B6B0-4AAF-A9BC-FE830506D57B}.Debug|Any CPU.Build.0 = Debug|Any CPU
		{93650CB0-B6B0-4AAF-A9BC-FE830506D57B}.Release|Any CPU.ActiveCfg = Release|Any CPU
		{93650CB0-B6B0-4AAF-A9BC-FE830506D57B}.Release|Any CPU.Build.0 = Release|Any CPU
	EndGlobalSection
	GlobalSection(SolutionProperties) = preSolution
		HideSolutionNode = FALSE
	EndGlobalSection
	GlobalSection(ExtensibilityGlobals) = postSolution
		SolutionGuid = {2C820DED-80B7-49BA-8EA1-BD45F2C1CE20}
	EndGlobalSection
EndGlobal
