
Microsoft Visual Studio Solution File, Format Version 12.00
# Visual Studio Version 17
VisualStudioVersion = 17.13.35931.197 d17.13
MinimumVisualStudioVersion = 10.0.40219.1
Project("{FAE04EC0-301F-11D3-BF4B-00C04F79EFBC}") = "Homework3", "Homework3\Homework3.csproj", "{77C79D24-D54A-4045-A93E-38491BA0FCBB}"
EndProject
Global
	GlobalSection(SolutionConfigurationPlatforms) = preSolution
		Debug|Any CPU = Debug|Any CPU
		Release|Any CPU = Release|Any CPU
	EndGlobalSection
	GlobalSection(ProjectConfigurationPlatforms) = postSolution
		{77C79D24-D54A-4045-A93E-38491BA0FCBB}.Debug|Any CPU.ActiveCfg = Debug|Any CPU
		{77C79D24-D54A-4045-A93E-38491BA0FCBB}.Debug|Any CPU.Build.0 = Debug|Any CPU
		{77C79D24-D54A-4045-A93E-38491BA0FCBB}.Release|Any CPU.ActiveCfg = Release|Any CPU
		{77C79D24-D54A-4045-A93E-38491BA0FCBB}.Release|Any CPU.Build.0 = Release|Any CPU
	EndGlobalSection
	GlobalSection(SolutionProperties) = preSolution
		HideSolutionNode = FALSE
	EndGlobalSection
	GlobalSection(ExtensibilityGlobals) = postSolution
		SolutionGuid = {4575DCBF-D792-43F8-85FC-AE312D0FDC70}
	EndGlobalSection
EndGlobal
