
Microsoft Visual Studio Solution File, Format Version 12.00
# Visual Studio Version 17
VisualStudioVersion = 17.13.35931.197 d17.13
MinimumVisualStudioVersion = 10.0.40219.1
Project("{FAE04EC0-301F-11D3-BF4B-00C04F79EFBC}") = "City_Attractions_Nearest_Farest_Distance", "City_Attractions_Nearest_Farest_Distance\City_Attractions_Nearest_Farest_Distance.csproj", "{06A12987-B2E6-4373-847A-CB63A15B3D49}"
EndProject
Global
	GlobalSection(SolutionConfigurationPlatforms) = preSolution
		Debug|Any CPU = Debug|Any CPU
		Release|Any CPU = Release|Any CPU
	EndGlobalSection
	GlobalSection(ProjectConfigurationPlatforms) = postSolution
		{06A12987-B2E6-4373-847A-CB63A15B3D49}.Debug|Any CPU.ActiveCfg = Debug|Any CPU
		{06A12987-B2E6-4373-847A-CB63A15B3D49}.Debug|Any CPU.Build.0 = Debug|Any CPU
		{06A12987-B2E6-4373-847A-CB63A15B3D49}.Release|Any CPU.ActiveCfg = Release|Any CPU
		{06A12987-B2E6-4373-847A-CB63A15B3D49}.Release|Any CPU.Build.0 = Release|Any CPU
	EndGlobalSection
	GlobalSection(SolutionProperties) = preSolution
		HideSolutionNode = FALSE
	EndGlobalSection
	GlobalSection(ExtensibilityGlobals) = postSolution
		SolutionGuid = {49D01518-06F6-4161-8ADB-E176C0BA54C4}
	EndGlobalSection
EndGlobal
