
Microsoft Visual Studio Solution File, Format Version 12.00
# Visual Studio Version 17
VisualStudioVersion = 17.13.35931.197 d17.13
MinimumVisualStudioVersion = 10.0.40219.1
Project("{FAE04EC0-301F-11D3-BF4B-00C04F79EFBC}") = "Benchmarker", "Benchmarker\Benchmarker.csproj", "{187232BD-579B-4A83-9455-52B668EA367E}"
EndProject
Global
	GlobalSection(SolutionConfigurationPlatforms) = preSolution
		Debug|Any CPU = Debug|Any CPU
		Release|Any CPU = Release|Any CPU
	EndGlobalSection
	GlobalSection(ProjectConfigurationPlatforms) = postSolution
		{187232BD-579B-4A83-9455-52B668EA367E}.Debug|Any CPU.ActiveCfg = Debug|Any CPU
		{187232BD-579B-4A83-9455-52B668EA367E}.Debug|Any CPU.Build.0 = Debug|Any CPU
		{187232BD-579B-4A83-9455-52B668EA367E}.Release|Any CPU.ActiveCfg = Release|Any CPU
		{187232BD-579B-4A83-9455-52B668EA367E}.Release|Any CPU.Build.0 = Release|Any CPU
	EndGlobalSection
	GlobalSection(SolutionProperties) = preSolution
		HideSolutionNode = FALSE
	EndGlobalSection
	GlobalSection(ExtensibilityGlobals) = postSolution
		SolutionGuid = {B4833B99-C0AB-4C69-AC71-6844BAD7EC9A}
	EndGlobalSection
EndGlobal
